
Microsoft Visual Studio Solution File, Format Version 12.00
# Visual Studio 15
VisualStudioVersion = 15.0.28307.421
MinimumVisualStudioVersion = 10.0.40219.1
Project("{FAE04EC0-301F-11D3-BF4B-00C04F79EFBC}") = "Midterm_BookStore_POS", "Midterm_BookStore_POS\Midterm_BookStore_POS.csproj", "{2F7D7679-0F3C-4C68-A99D-021360F79596}"
EndProject
Global
	GlobalSection(SolutionConfigurationPlatforms) = preSolution
		Debug|Any CPU = Debug|Any CPU
		Release|Any CPU = Release|Any CPU
	EndGlobalSection
	GlobalSection(ProjectConfigurationPlatforms) = postSolution
		{2F7D7679-0F3C-4C68-A99D-021360F79596}.Debug|Any CPU.ActiveCfg = Debug|Any CPU
		{2F7D7679-0F3C-4C68-A99D-021360F79596}.Debug|Any CPU.Build.0 = Debug|Any CPU
		{2F7D7679-0F3C-4C68-A99D-021360F79596}.Release|Any CPU.ActiveCfg = Release|Any CPU
		{2F7D7679-0F3C-4C68-A99D-021360F79596}.Release|Any CPU.Build.0 = Release|Any CPU
	EndGlobalSection
	GlobalSection(SolutionProperties) = preSolution
		HideSolutionNode = FALSE
	EndGlobalSection
	GlobalSection(ExtensibilityGlobals) = postSolution
		SolutionGuid = {E8C28D95-E7E2-4BF8-BA9D-BBB153769106}
	EndGlobalSection
EndGlobal
